
Microsoft Visual Studio Solution File, Format Version 12.00
# Visual Studio 14
VisualStudioVersion = 14.0.25420.1
MinimumVisualStudioVersion = 10.0.40219.1
Project("{FAE04EC0-301F-11D3-BF4B-00C04F79EFBC}") = "SpaceBattleArena.Web", "SpaceBattleArena.Web\SpaceBattleArena.Web.csproj", "{D84F072F-BB78-4290-B43C-B32EF686B431}"
EndProject
Project("{FAE04EC0-301F-11D3-BF4B-00C04F79EFBC}") = "SpaceBattleArena.Core", "SpaceBattleArena.Core\SpaceBattleArena.Core.csproj", "{96571A0D-694C-41AD-AE40-F5D358087709}"
EndProject
Global
	GlobalSection(SolutionConfigurationPlatforms) = preSolution
		Debug|Any CPU = Debug|Any CPU
		Release|Any CPU = Release|Any CPU
	EndGlobalSection
	GlobalSection(ProjectConfigurationPlatforms) = postSolution
		{D84F072F-BB78-4290-B43C-B32EF686B431}.Debug|Any CPU.ActiveCfg = Debug|Any CPU
		{D84F072F-BB78-4290-B43C-B32EF686B431}.Debug|Any CPU.Build.0 = Debug|Any CPU
		{D84F072F-BB78-4290-B43C-B32EF686B431}.Release|Any CPU.ActiveCfg = Release|Any CPU
		{D84F072F-BB78-4290-B43C-B32EF686B431}.Release|Any CPU.Build.0 = Release|Any CPU
		{96571A0D-694C-41AD-AE40-F5D358087709}.Debug|Any CPU.ActiveCfg = Debug|Any CPU
		{96571A0D-694C-41AD-AE40-F5D358087709}.Debug|Any CPU.Build.0 = Debug|Any CPU
		{96571A0D-694C-41AD-AE40-F5D358087709}.Release|Any CPU.ActiveCfg = Release|Any CPU
		{96571A0D-694C-41AD-AE40-F5D358087709}.Release|Any CPU.Build.0 = Release|Any CPU
	EndGlobalSection
	GlobalSection(SolutionProperties) = preSolution
		HideSolutionNode = FALSE
	EndGlobalSection
EndGlobal
